
Microsoft Visual Studio Solution File, Format Version 12.00
# Visual Studio 15
Project("{FAE04EC0-301F-11D3-BF4B-00C04F79EFBC}") = "UnityEngine.TestRunner", "UnityEngine.TestRunner.csproj", "{6CCCE5B1-776F-E645-6359-9965AB8D293A}"
EndProject
Project("{FAE04EC0-301F-11D3-BF4B-00C04F79EFBC}") = "UnityEngine.UI", "UnityEngine.UI.csproj", "{2B2785DF-97F8-A8CC-F6C0-B794803B8F4F}"
EndProject
Project("{FAE04EC0-301F-11D3-BF4B-00C04F79EFBC}") = "Unity.InputSystem", "Unity.InputSystem.csproj", "{A01EAAE3-C017-CB1D-C1AC-F7295B408B05}"
EndProject
Project("{FAE04EC0-301F-11D3-BF4B-00C04F79EFBC}") = "Unity.VisualScripting.State", "Unity.VisualScripting.State.csproj", "{BB08E239-1489-8A1A-ABB9-F920DB9311B0}"
EndProject
Project("{FAE04EC0-301F-11D3-BF4B-00C04F79EFBC}") = "Unity.VisualScripting.Core", "Unity.VisualScripting.Core.csproj", "{DD7B8740-4B51-14B4-3A71-CA7F262FB871}"
EndProject
Project("{FAE04EC0-301F-11D3-BF4B-00C04F79EFBC}") = "Assembly-CSharp", "Assembly-CSharp.csproj", "{E5639556-E8EE-F1C3-F0D6-879B0F05C492}"
EndProject
Project("{FAE04EC0-301F-11D3-BF4B-00C04F79EFBC}") = "Unity.VisualScripting.Flow", "Unity.VisualScripting.Flow.csproj", "{DF40429F-BD33-32E6-DBC6-CF46EAC2DA31}"
EndProject
Project("{FAE04EC0-301F-11D3-BF4B-00C04F79EFBC}") = "UnityEngine.XR.LegacyInputHelpers", "UnityEngine.XR.LegacyInputHelpers.csproj", "{5B7225FA-730E-AC13-77D3-38780DC9FE94}"
EndProject
Project("{FAE04EC0-301F-11D3-BF4B-00C04F79EFBC}") = "Unity.TextMeshPro", "Unity.TextMeshPro.csproj", "{2F37319D-DE25-C9F3-16A2-71332FD81E44}"
EndProject
Project("{FAE04EC0-301F-11D3-BF4B-00C04F79EFBC}") = "Unity.Timeline", "Unity.Timeline.csproj", "{118DEA05-9587-196E-5222-68D2EFDC3CAE}"
EndProject
Project("{FAE04EC0-301F-11D3-BF4B-00C04F79EFBC}") = "Unity.XR.Management", "Unity.XR.Management.csproj", "{6B898B34-4FBD-D467-53ED-331D048660A6}"
EndProject
Project("{FAE04EC0-301F-11D3-BF4B-00C04F79EFBC}") = "UnityEngine.SpatialTracking", "UnityEngine.SpatialTracking.csproj", "{F99E36AC-8F37-2668-2BD7-F5B2FFE0594E}"
EndProject
Project("{FAE04EC0-301F-11D3-BF4B-00C04F79EFBC}") = "Unity.PlasticSCM.Editor", "Unity.PlasticSCM.Editor.csproj", "{DD615561-CBF8-FE32-86B4-B5B48D103D4D}"
EndProject
Project("{FAE04EC0-301F-11D3-BF4B-00C04F79EFBC}") = "Unity.VisualScripting.Core.Editor", "Unity.VisualScripting.Core.Editor.csproj", "{D34EB1AC-4DE8-6AFB-B026-A23014E09A61}"
EndProject
Project("{FAE04EC0-301F-11D3-BF4B-00C04F79EFBC}") = "Unity.VisualStudio.Editor", "Unity.VisualStudio.Editor.csproj", "{6F7EA97D-5973-E508-1EAE-A477C01CC1C4}"
EndProject
Project("{FAE04EC0-301F-11D3-BF4B-00C04F79EFBC}") = "Unity.Timeline.Editor", "Unity.Timeline.Editor.csproj", "{DA383ED2-B921-36B5-5339-8187C1906953}"
EndProject
Project("{FAE04EC0-301F-11D3-BF4B-00C04F79EFBC}") = "Unity.VisualScripting.State.Editor", "Unity.VisualScripting.State.Editor.csproj", "{BC41427D-2F05-D870-C278-DEC270694290}"
EndProject
Project("{FAE04EC0-301F-11D3-BF4B-00C04F79EFBC}") = "Unity.TextMeshPro.Editor", "Unity.TextMeshPro.Editor.csproj", "{527363E5-1AF3-8AE9-0306-64B57CD55246}"
EndProject
Project("{FAE04EC0-301F-11D3-BF4B-00C04F79EFBC}") = "VSSettingsProvider", "VSSettingsProvider.csproj", "{D54947C1-96E8-3351-4548-328ABF0457CE}"
EndProject
Project("{FAE04EC0-301F-11D3-BF4B-00C04F79EFBC}") = "Unity.CollabProxy.Editor", "Unity.CollabProxy.Editor.csproj", "{3603512B-7F9A-831B-47F5-1B56D40A5305}"
EndProject
Project("{FAE04EC0-301F-11D3-BF4B-00C04F79EFBC}") = "UnityEditor.TestRunner", "UnityEditor.TestRunner.csproj", "{62B23497-C018-A984-F08B-981DB10D9B48}"
EndProject
Project("{FAE04EC0-301F-11D3-BF4B-00C04F79EFBC}") = "Unity.VisualScripting.Flow.Editor", "Unity.VisualScripting.Flow.Editor.csproj", "{2DBDA781-79A5-0A53-FB31-C3D2D2BD91A6}"
EndProject
Project("{FAE04EC0-301F-11D3-BF4B-00C04F79EFBC}") = "Unity.Rider.Editor", "Unity.Rider.Editor.csproj", "{19B9FB31-F2BE-A476-6690-388AC7FA2491}"
EndProject
Project("{FAE04EC0-301F-11D3-BF4B-00C04F79EFBC}") = "Unity.XR.Management.Editor", "Unity.XR.Management.Editor.csproj", "{94AE4520-1805-E39B-9E7C-F9AEAE0ACB63}"
EndProject
Project("{FAE04EC0-301F-11D3-BF4B-00C04F79EFBC}") = "Unity.VSCode.Editor", "Unity.VSCode.Editor.csproj", "{62314718-61B0-3A92-8E07-0EB22FB9DFD4}"
EndProject
Project("{FAE04EC0-301F-11D3-BF4B-00C04F79EFBC}") = "UnityEditor.UI", "UnityEditor.UI.csproj", "{85878661-65FB-084C-43CB-B52F870B5F0F}"
EndProject
Project("{FAE04EC0-301F-11D3-BF4B-00C04F79EFBC}") = "UnityEditor.SpatialTracking", "UnityEditor.SpatialTracking.csproj", "{EB704898-9080-DA7F-0F9A-CF29E0D4EE2D}"
EndProject
Project("{FAE04EC0-301F-11D3-BF4B-00C04F79EFBC}") = "UnityEditor.XR.LegacyInputHelpers", "UnityEditor.XR.LegacyInputHelpers.csproj", "{636EA40A-EBB3-93D1-D293-04A131D3AC6A}"
EndProject
Project("{FAE04EC0-301F-11D3-BF4B-00C04F79EFBC}") = "UnityEngine.TestRunner", "UnityEngine.TestRunner.Player.csproj", "{F126E305-91CB-6BBC-CE98-973CA9A23C42}"
EndProject
Project("{FAE04EC0-301F-11D3-BF4B-00C04F79EFBC}") = "UnityEngine.UI", "UnityEngine.UI.Player.csproj", "{A61992E1-0788-5452-F350-77FFD6ABDA3B}"
EndProject
Project("{FAE04EC0-301F-11D3-BF4B-00C04F79EFBC}") = "Unity.InputSystem", "Unity.InputSystem.Player.csproj", "{04C17859-9DF0-44AE-D2B3-2D7FD393ED3A}"
EndProject
Project("{FAE04EC0-301F-11D3-BF4B-00C04F79EFBC}") = "Unity.VisualScripting.State", "Unity.VisualScripting.State.Player.csproj", "{4AB3F23E-D674-C322-5A55-6F0416DE0C79}"
EndProject
Project("{FAE04EC0-301F-11D3-BF4B-00C04F79EFBC}") = "Unity.VisualScripting.Core", "Unity.VisualScripting.Core.Player.csproj", "{B74889DC-654D-1C0E-8FDD-56942670287F}"
EndProject
Project("{FAE04EC0-301F-11D3-BF4B-00C04F79EFBC}") = "Assembly-CSharp", "Assembly-CSharp.Player.csproj", "{AD104A1B-AE7E-9B2F-A516-7BCD4A4BA38C}"
EndProject
Project("{FAE04EC0-301F-11D3-BF4B-00C04F79EFBC}") = "Unity.VisualScripting.Flow", "Unity.VisualScripting.Flow.Player.csproj", "{C8ABA134-70CB-B1CE-57C9-32DFF50AB7CC}"
EndProject
Project("{FAE04EC0-301F-11D3-BF4B-00C04F79EFBC}") = "UnityEngine.XR.LegacyInputHelpers", "UnityEngine.XR.LegacyInputHelpers.Player.csproj", "{6736BFE9-81C3-BD89-8C24-A122C5459BB6}"
EndProject
Project("{FAE04EC0-301F-11D3-BF4B-00C04F79EFBC}") = "Unity.TextMeshPro", "Unity.TextMeshPro.Player.csproj", "{5E603653-9BD5-845D-20E1-5EBCECEBBFB9}"
EndProject
Project("{FAE04EC0-301F-11D3-BF4B-00C04F79EFBC}") = "Unity.Timeline", "Unity.Timeline.Player.csproj", "{59BD738B-111F-C8E1-B2B6-D887D4ED4714}"
EndProject
Project("{FAE04EC0-301F-11D3-BF4B-00C04F79EFBC}") = "Unity.XR.Management", "Unity.XR.Management.Player.csproj", "{84924B67-585A-E1B3-9C3B-92A0638C38EF}"
EndProject
Project("{FAE04EC0-301F-11D3-BF4B-00C04F79EFBC}") = "UnityEngine.SpatialTracking", "UnityEngine.SpatialTracking.Player.csproj", "{188C64E6-ED47-8FFE-8D20-8EF703050977}"
EndProject
Global
	GlobalSection(SolutionConfigurationPlatforms) = preSolution
		Debug|Any CPU = Debug|Any CPU
		Release|Any CPU = Release|Any CPU
	EndGlobalSection
	GlobalSection(ProjectConfigurationPlatforms) = postSolution
		{6CCCE5B1-776F-E645-6359-9965AB8D293A}.Debug|Any CPU.ActiveCfg = Debug|Any CPU
		{6CCCE5B1-776F-E645-6359-9965AB8D293A}.Debug|Any CPU.Build.0 = Debug|Any CPU
		{6CCCE5B1-776F-E645-6359-9965AB8D293A}.Release|Any CPU.ActiveCfg = Release|Any CPU
		{6CCCE5B1-776F-E645-6359-9965AB8D293A}.Release|Any CPU.Build.0 = Release|Any CPU
		{2B2785DF-97F8-A8CC-F6C0-B794803B8F4F}.Debug|Any CPU.ActiveCfg = Debug|Any CPU
		{2B2785DF-97F8-A8CC-F6C0-B794803B8F4F}.Debug|Any CPU.Build.0 = Debug|Any CPU
		{2B2785DF-97F8-A8CC-F6C0-B794803B8F4F}.Release|Any CPU.ActiveCfg = Release|Any CPU
		{2B2785DF-97F8-A8CC-F6C0-B794803B8F4F}.Release|Any CPU.Build.0 = Release|Any CPU
		{A01EAAE3-C017-CB1D-C1AC-F7295B408B05}.Debug|Any CPU.ActiveCfg = Debug|Any CPU
		{A01EAAE3-C017-CB1D-C1AC-F7295B408B05}.Debug|Any CPU.Build.0 = Debug|Any CPU
		{A01EAAE3-C017-CB1D-C1AC-F7295B408B05}.Release|Any CPU.ActiveCfg = Release|Any CPU
		{A01EAAE3-C017-CB1D-C1AC-F7295B408B05}.Release|Any CPU.Build.0 = Release|Any CPU
		{BB08E239-1489-8A1A-ABB9-F920DB9311B0}.Debug|Any CPU.ActiveCfg = Debug|Any CPU
		{BB08E239-1489-8A1A-ABB9-F920DB9311B0}.Debug|Any CPU.Build.0 = Debug|Any CPU
		{BB08E239-1489-8A1A-ABB9-F920DB9311B0}.Release|Any CPU.ActiveCfg = Release|Any CPU
		{BB08E239-1489-8A1A-ABB9-F920DB9311B0}.Release|Any CPU.Build.0 = Release|Any CPU
		{DD7B8740-4B51-14B4-3A71-CA7F262FB871}.Debug|Any CPU.ActiveCfg = Debug|Any CPU
		{DD7B8740-4B51-14B4-3A71-CA7F262FB871}.Debug|Any CPU.Build.0 = Debug|Any CPU
		{DD7B8740-4B51-14B4-3A71-CA7F262FB871}.Release|Any CPU.ActiveCfg = Release|Any CPU
		{DD7B8740-4B51-14B4-3A71-CA7F262FB871}.Release|Any CPU.Build.0 = Release|Any CPU
		{E5639556-E8EE-F1C3-F0D6-879B0F05C492}.Debug|Any CPU.ActiveCfg = Debug|Any CPU
		{E5639556-E8EE-F1C3-F0D6-879B0F05C492}.Debug|Any CPU.Build.0 = Debug|Any CPU
		{E5639556-E8EE-F1C3-F0D6-879B0F05C492}.Release|Any CPU.ActiveCfg = Release|Any CPU
		{E5639556-E8EE-F1C3-F0D6-879B0F05C492}.Release|Any CPU.Build.0 = Release|Any CPU
		{DF40429F-BD33-32E6-DBC6-CF46EAC2DA31}.Debug|Any CPU.ActiveCfg = Debug|Any CPU
		{DF40429F-BD33-32E6-DBC6-CF46EAC2DA31}.Debug|Any CPU.Build.0 = Debug|Any CPU
		{DF40429F-BD33-32E6-DBC6-CF46EAC2DA31}.Release|Any CPU.ActiveCfg = Release|Any CPU
		{DF40429F-BD33-32E6-DBC6-CF46EAC2DA31}.Release|Any CPU.Build.0 = Release|Any CPU
		{5B7225FA-730E-AC13-77D3-38780DC9FE94}.Debug|Any CPU.ActiveCfg = Debug|Any CPU
		{5B7225FA-730E-AC13-77D3-38780DC9FE94}.Debug|Any CPU.Build.0 = Debug|Any CPU
		{5B7225FA-730E-AC13-77D3-38780DC9FE94}.Release|Any CPU.ActiveCfg = Release|Any CPU
		{5B7225FA-730E-AC13-77D3-38780DC9FE94}.Release|Any CPU.Build.0 = Release|Any CPU
		{2F37319D-DE25-C9F3-16A2-71332FD81E44}.Debug|Any CPU.ActiveCfg = Debug|Any CPU
		{2F37319D-DE25-C9F3-16A2-71332FD81E44}.Debug|Any CPU.Build.0 = Debug|Any CPU
		{2F37319D-DE25-C9F3-16A2-71332FD81E44}.Release|Any CPU.ActiveCfg = Release|Any CPU
		{2F37319D-DE25-C9F3-16A2-71332FD81E44}.Release|Any CPU.Build.0 = Release|Any CPU
		{118DEA05-9587-196E-5222-68D2EFDC3CAE}.Debug|Any CPU.ActiveCfg = Debug|Any CPU
		{118DEA05-9587-196E-5222-68D2EFDC3CAE}.Debug|Any CPU.Build.0 = Debug|Any CPU
		{118DEA05-9587-196E-5222-68D2EFDC3CAE}.Release|Any CPU.ActiveCfg = Release|Any CPU
		{118DEA05-9587-196E-5222-68D2EFDC3CAE}.Release|Any CPU.Build.0 = Release|Any CPU
		{6B898B34-4FBD-D467-53ED-331D048660A6}.Debug|Any CPU.ActiveCfg = Debug|Any CPU
		{6B898B34-4FBD-D467-53ED-331D048660A6}.Debug|Any CPU.Build.0 = Debug|Any CPU
		{6B898B34-4FBD-D467-53ED-331D048660A6}.Release|Any CPU.ActiveCfg = Release|Any CPU
		{6B898B34-4FBD-D467-53ED-331D048660A6}.Release|Any CPU.Build.0 = Release|Any CPU
		{F99E36AC-8F37-2668-2BD7-F5B2FFE0594E}.Debug|Any CPU.ActiveCfg = Debug|Any CPU
		{F99E36AC-8F37-2668-2BD7-F5B2FFE0594E}.Debug|Any CPU.Build.0 = Debug|Any CPU
		{F99E36AC-8F37-2668-2BD7-F5B2FFE0594E}.Release|Any CPU.ActiveCfg = Release|Any CPU
		{F99E36AC-8F37-2668-2BD7-F5B2FFE0594E}.Release|Any CPU.Build.0 = Release|Any CPU
		{DD615561-CBF8-FE32-86B4-B5B48D103D4D}.Debug|Any CPU.ActiveCfg = Debug|Any CPU
		{DD615561-CBF8-FE32-86B4-B5B48D103D4D}.Debug|Any CPU.Build.0 = Debug|Any CPU
		{DD615561-CBF8-FE32-86B4-B5B48D103D4D}.Release|Any CPU.ActiveCfg = Release|Any CPU
		{DD615561-CBF8-FE32-86B4-B5B48D103D4D}.Release|Any CPU.Build.0 = Release|Any CPU
		{D34EB1AC-4DE8-6AFB-B026-A23014E09A61}.Debug|Any CPU.ActiveCfg = Debug|Any CPU
		{D34EB1AC-4DE8-6AFB-B026-A23014E09A61}.Debug|Any CPU.Build.0 = Debug|Any CPU
		{D34EB1AC-4DE8-6AFB-B026-A23014E09A61}.Release|Any CPU.ActiveCfg = Release|Any CPU
		{D34EB1AC-4DE8-6AFB-B026-A23014E09A61}.Release|Any CPU.Build.0 = Release|Any CPU
		{6F7EA97D-5973-E508-1EAE-A477C01CC1C4}.Debug|Any CPU.ActiveCfg = Debug|Any CPU
		{6F7EA97D-5973-E508-1EAE-A477C01CC1C4}.Debug|Any CPU.Build.0 = Debug|Any CPU
		{6F7EA97D-5973-E508-1EAE-A477C01CC1C4}.Release|Any CPU.ActiveCfg = Release|Any CPU
		{6F7EA97D-5973-E508-1EAE-A477C01CC1C4}.Release|Any CPU.Build.0 = Release|Any CPU
		{DA383ED2-B921-36B5-5339-8187C1906953}.Debug|Any CPU.ActiveCfg = Debug|Any CPU
		{DA383ED2-B921-36B5-5339-8187C1906953}.Debug|Any CPU.Build.0 = Debug|Any CPU
		{DA383ED2-B921-36B5-5339-8187C1906953}.Release|Any CPU.ActiveCfg = Release|Any CPU
		{DA383ED2-B921-36B5-5339-8187C1906953}.Release|Any CPU.Build.0 = Release|Any CPU
		{BC41427D-2F05-D870-C278-DEC270694290}.Debug|Any CPU.ActiveCfg = Debug|Any CPU
		{BC41427D-2F05-D870-C278-DEC270694290}.Debug|Any CPU.Build.0 = Debug|Any CPU
		{BC41427D-2F05-D870-C278-DEC270694290}.Release|Any CPU.ActiveCfg = Release|Any CPU
		{BC41427D-2F05-D870-C278-DEC270694290}.Release|Any CPU.Build.0 = Release|Any CPU
		{527363E5-1AF3-8AE9-0306-64B57CD55246}.Debug|Any CPU.ActiveCfg = Debug|Any CPU
		{527363E5-1AF3-8AE9-0306-64B57CD55246}.Debug|Any CPU.Build.0 = Debug|Any CPU
		{527363E5-1AF3-8AE9-0306-64B57CD55246}.Release|Any CPU.ActiveCfg = Release|Any CPU
		{527363E5-1AF3-8AE9-0306-64B57CD55246}.Release|Any CPU.Build.0 = Release|Any CPU
		{D54947C1-96E8-3351-4548-328ABF0457CE}.Debug|Any CPU.ActiveCfg = Debug|Any CPU
		{D54947C1-96E8-3351-4548-328ABF0457CE}.Debug|Any CPU.Build.0 = Debug|Any CPU
		{D54947C1-96E8-3351-4548-328ABF0457CE}.Release|Any CPU.ActiveCfg = Release|Any CPU
		{D54947C1-96E8-3351-4548-328ABF0457CE}.Release|Any CPU.Build.0 = Release|Any CPU
		{3603512B-7F9A-831B-47F5-1B56D40A5305}.Debug|Any CPU.ActiveCfg = Debug|Any CPU
		{3603512B-7F9A-831B-47F5-1B56D40A5305}.Debug|Any CPU.Build.0 = Debug|Any CPU
		{3603512B-7F9A-831B-47F5-1B56D40A5305}.Release|Any CPU.ActiveCfg = Release|Any CPU
		{3603512B-7F9A-831B-47F5-1B56D40A5305}.Release|Any CPU.Build.0 = Release|Any CPU
		{62B23497-C018-A984-F08B-981DB10D9B48}.Debug|Any CPU.ActiveCfg = Debug|Any CPU
		{62B23497-C018-A984-F08B-981DB10D9B48}.Debug|Any CPU.Build.0 = Debug|Any CPU
		{62B23497-C018-A984-F08B-981DB10D9B48}.Release|Any CPU.ActiveCfg = Release|Any CPU
		{62B23497-C018-A984-F08B-981DB10D9B48}.Release|Any CPU.Build.0 = Release|Any CPU
		{2DBDA781-79A5-0A53-FB31-C3D2D2BD91A6}.Debug|Any CPU.ActiveCfg = Debug|Any CPU
		{2DBDA781-79A5-0A53-FB31-C3D2D2BD91A6}.Debug|Any CPU.Build.0 = Debug|Any CPU
		{2DBDA781-79A5-0A53-FB31-C3D2D2BD91A6}.Release|Any CPU.ActiveCfg = Release|Any CPU
		{2DBDA781-79A5-0A53-FB31-C3D2D2BD91A6}.Release|Any CPU.Build.0 = Release|Any CPU
		{19B9FB31-F2BE-A476-6690-388AC7FA2491}.Debug|Any CPU.ActiveCfg = Debug|Any CPU
		{19B9FB31-F2BE-A476-6690-388AC7FA2491}.Debug|Any CPU.Build.0 = Debug|Any CPU
		{19B9FB31-F2BE-A476-6690-388AC7FA2491}.Release|Any CPU.ActiveCfg = Release|Any CPU
		{19B9FB31-F2BE-A476-6690-388AC7FA2491}.Release|Any CPU.Build.0 = Release|Any CPU
		{94AE4520-1805-E39B-9E7C-F9AEAE0ACB63}.Debug|Any CPU.ActiveCfg = Debug|Any CPU
		{94AE4520-1805-E39B-9E7C-F9AEAE0ACB63}.Debug|Any CPU.Build.0 = Debug|Any CPU
		{94AE4520-1805-E39B-9E7C-F9AEAE0ACB63}.Release|Any CPU.ActiveCfg = Release|Any CPU
		{94AE4520-1805-E39B-9E7C-F9AEAE0ACB63}.Release|Any CPU.Build.0 = Release|Any CPU
		{62314718-61B0-3A92-8E07-0EB22FB9DFD4}.Debug|Any CPU.ActiveCfg = Debug|Any CPU
		{62314718-61B0-3A92-8E07-0EB22FB9DFD4}.Debug|Any CPU.Build.0 = Debug|Any CPU
		{62314718-61B0-3A92-8E07-0EB22FB9DFD4}.Release|Any CPU.ActiveCfg = Release|Any CPU
		{62314718-61B0-3A92-8E07-0EB22FB9DFD4}.Release|Any CPU.Build.0 = Release|Any CPU
		{85878661-65FB-084C-43CB-B52F870B5F0F}.Debug|Any CPU.ActiveCfg = Debug|Any CPU
		{85878661-65FB-084C-43CB-B52F870B5F0F}.Debug|Any CPU.Build.0 = Debug|Any CPU
		{85878661-65FB-084C-43CB-B52F870B5F0F}.Release|Any CPU.ActiveCfg = Release|Any CPU
		{85878661-65FB-084C-43CB-B52F870B5F0F}.Release|Any CPU.Build.0 = Release|Any CPU
		{EB704898-9080-DA7F-0F9A-CF29E0D4EE2D}.Debug|Any CPU.ActiveCfg = Debug|Any CPU
		{EB704898-9080-DA7F-0F9A-CF29E0D4EE2D}.Debug|Any CPU.Build.0 = Debug|Any CPU
		{EB704898-9080-DA7F-0F9A-CF29E0D4EE2D}.Release|Any CPU.ActiveCfg = Release|Any CPU
		{EB704898-9080-DA7F-0F9A-CF29E0D4EE2D}.Release|Any CPU.Build.0 = Release|Any CPU
		{636EA40A-EBB3-93D1-D293-04A131D3AC6A}.Debug|Any CPU.ActiveCfg = Debug|Any CPU
		{636EA40A-EBB3-93D1-D293-04A131D3AC6A}.Debug|Any CPU.Build.0 = Debug|Any CPU
		{636EA40A-EBB3-93D1-D293-04A131D3AC6A}.Release|Any CPU.ActiveCfg = Release|Any CPU
		{636EA40A-EBB3-93D1-D293-04A131D3AC6A}.Release|Any CPU.Build.0 = Release|Any CPU
		{F126E305-91CB-6BBC-CE98-973CA9A23C42}.Debug|Any CPU.ActiveCfg = Debug|Any CPU
		{F126E305-91CB-6BBC-CE98-973CA9A23C42}.Debug|Any CPU.Build.0 = Debug|Any CPU
		{F126E305-91CB-6BBC-CE98-973CA9A23C42}.Release|Any CPU.ActiveCfg = Release|Any CPU
		{F126E305-91CB-6BBC-CE98-973CA9A23C42}.Release|Any CPU.Build.0 = Release|Any CPU
		{A61992E1-0788-5452-F350-77FFD6ABDA3B}.Debug|Any CPU.ActiveCfg = Debug|Any CPU
		{A61992E1-0788-5452-F350-77FFD6ABDA3B}.Debug|Any CPU.Build.0 = Debug|Any CPU
		{A61992E1-0788-5452-F350-77FFD6ABDA3B}.Release|Any CPU.ActiveCfg = Release|Any CPU
		{A61992E1-0788-5452-F350-77FFD6ABDA3B}.Release|Any CPU.Build.0 = Release|Any CPU
		{04C17859-9DF0-44AE-D2B3-2D7FD393ED3A}.Debug|Any CPU.ActiveCfg = Debug|Any CPU
		{04C17859-9DF0-44AE-D2B3-2D7FD393ED3A}.Debug|Any CPU.Build.0 = Debug|Any CPU
		{04C17859-9DF0-44AE-D2B3-2D7FD393ED3A}.Release|Any CPU.ActiveCfg = Release|Any CPU
		{04C17859-9DF0-44AE-D2B3-2D7FD393ED3A}.Release|Any CPU.Build.0 = Release|Any CPU
		{4AB3F23E-D674-C322-5A55-6F0416DE0C79}.Debug|Any CPU.ActiveCfg = Debug|Any CPU
		{4AB3F23E-D674-C322-5A55-6F0416DE0C79}.Debug|Any CPU.Build.0 = Debug|Any CPU
		{4AB3F23E-D674-C322-5A55-6F0416DE0C79}.Release|Any CPU.ActiveCfg = Release|Any CPU
		{4AB3F23E-D674-C322-5A55-6F0416DE0C79}.Release|Any CPU.Build.0 = Release|Any CPU
		{B74889DC-654D-1C0E-8FDD-56942670287F}.Debug|Any CPU.ActiveCfg = Debug|Any CPU
		{B74889DC-654D-1C0E-8FDD-56942670287F}.Debug|Any CPU.Build.0 = Debug|Any CPU
		{B74889DC-654D-1C0E-8FDD-56942670287F}.Release|Any CPU.ActiveCfg = Release|Any CPU
		{B74889DC-654D-1C0E-8FDD-56942670287F}.Release|Any CPU.Build.0 = Release|Any CPU
		{AD104A1B-AE7E-9B2F-A516-7BCD4A4BA38C}.Debug|Any CPU.ActiveCfg = Debug|Any CPU
		{AD104A1B-AE7E-9B2F-A516-7BCD4A4BA38C}.Debug|Any CPU.Build.0 = Debug|Any CPU
		{AD104A1B-AE7E-9B2F-A516-7BCD4A4BA38C}.Release|Any CPU.ActiveCfg = Release|Any CPU
		{AD104A1B-AE7E-9B2F-A516-7BCD4A4BA38C}.Release|Any CPU.Build.0 = Release|Any CPU
		{C8ABA134-70CB-B1CE-57C9-32DFF50AB7CC}.Debug|Any CPU.ActiveCfg = Debug|Any CPU
		{C8ABA134-70CB-B1CE-57C9-32DFF50AB7CC}.Debug|Any CPU.Build.0 = Debug|Any CPU
		{C8ABA134-70CB-B1CE-57C9-32DFF50AB7CC}.Release|Any CPU.ActiveCfg = Release|Any CPU
		{C8ABA134-70CB-B1CE-57C9-32DFF50AB7CC}.Release|Any CPU.Build.0 = Release|Any CPU
		{6736BFE9-81C3-BD89-8C24-A122C5459BB6}.Debug|Any CPU.ActiveCfg = Debug|Any CPU
		{6736BFE9-81C3-BD89-8C24-A122C5459BB6}.Debug|Any CPU.Build.0 = Debug|Any CPU
		{6736BFE9-81C3-BD89-8C24-A122C5459BB6}.Release|Any CPU.ActiveCfg = Release|Any CPU
		{6736BFE9-81C3-BD89-8C24-A122C5459BB6}.Release|Any CPU.Build.0 = Release|Any CPU
		{5E603653-9BD5-845D-20E1-5EBCECEBBFB9}.Debug|Any CPU.ActiveCfg = Debug|Any CPU
		{5E603653-9BD5-845D-20E1-5EBCECEBBFB9}.Debug|Any CPU.Build.0 = Debug|Any CPU
		{5E603653-9BD5-845D-20E1-5EBCECEBBFB9}.Release|Any CPU.ActiveCfg = Release|Any CPU
		{5E603653-9BD5-845D-20E1-5EBCECEBBFB9}.Release|Any CPU.Build.0 = Release|Any CPU
		{59BD738B-111F-C8E1-B2B6-D887D4ED4714}.Debug|Any CPU.ActiveCfg = Debug|Any CPU
		{59BD738B-111F-C8E1-B2B6-D887D4ED4714}.Debug|Any CPU.Build.0 = Debug|Any CPU
		{59BD738B-111F-C8E1-B2B6-D887D4ED4714}.Release|Any CPU.ActiveCfg = Release|Any CPU
		{59BD738B-111F-C8E1-B2B6-D887D4ED4714}.Release|Any CPU.Build.0 = Release|Any CPU
		{84924B67-585A-E1B3-9C3B-92A0638C38EF}.Debug|Any CPU.ActiveCfg = Debug|Any CPU
		{84924B67-585A-E1B3-9C3B-92A0638C38EF}.Debug|Any CPU.Build.0 = Debug|Any CPU
		{84924B67-585A-E1B3-9C3B-92A0638C38EF}.Release|Any CPU.ActiveCfg = Release|Any CPU
		{84924B67-585A-E1B3-9C3B-92A0638C38EF}.Release|Any CPU.Build.0 = Release|Any CPU
		{188C64E6-ED47-8FFE-8D20-8EF703050977}.Debug|Any CPU.ActiveCfg = Debug|Any CPU
		{188C64E6-ED47-8FFE-8D20-8EF703050977}.Debug|Any CPU.Build.0 = Debug|Any CPU
		{188C64E6-ED47-8FFE-8D20-8EF703050977}.Release|Any CPU.ActiveCfg = Release|Any CPU
		{188C64E6-ED47-8FFE-8D20-8EF703050977}.Release|Any CPU.Build.0 = Release|Any CPU
	EndGlobalSection
	GlobalSection(SolutionProperties) = preSolution
		HideSolutionNode = FALSE
	EndGlobalSection
EndGlobal
